
Microsoft Visual Studio Solution File, Format Version 12.00
# Visual Studio Version 17
VisualStudioVersion = 17.1.32421.90
MinimumVisualStudioVersion = 10.0.40219.1
Project("{9A19103F-16F7-4668-BE54-9A1E7A4F7556}") = "BuberBreafast.Contracts", "BuberBreafast.Contracts\BuberBreafast.Contracts.csproj", "{96487A5A-B812-412D-8679-9C178EE2147C}"
EndProject
Project("{9A19103F-16F7-4668-BE54-9A1E7A4F7556}") = "BuberBreakfast", "BuberBreakfast\BuberBreakfast.csproj", "{69038A56-F1AD-4CA5-B825-B5C5E4B307BA}"
EndProject
Global
	GlobalSection(SolutionConfigurationPlatforms) = preSolution
		Debug|Any CPU = Debug|Any CPU
		Release|Any CPU = Release|Any CPU
	EndGlobalSection
	GlobalSection(ProjectConfigurationPlatforms) = postSolution
		{96487A5A-B812-412D-8679-9C178EE2147C}.Debug|Any CPU.ActiveCfg = Debug|Any CPU
		{96487A5A-B812-412D-8679-9C178EE2147C}.Debug|Any CPU.Build.0 = Debug|Any CPU
		{96487A5A-B812-412D-8679-9C178EE2147C}.Release|Any CPU.ActiveCfg = Release|Any CPU
		{96487A5A-B812-412D-8679-9C178EE2147C}.Release|Any CPU.Build.0 = Release|Any CPU
		{69038A56-F1AD-4CA5-B825-B5C5E4B307BA}.Debug|Any CPU.ActiveCfg = Debug|Any CPU
		{69038A56-F1AD-4CA5-B825-B5C5E4B307BA}.Debug|Any CPU.Build.0 = Debug|Any CPU
		{69038A56-F1AD-4CA5-B825-B5C5E4B307BA}.Release|Any CPU.ActiveCfg = Release|Any CPU
		{69038A56-F1AD-4CA5-B825-B5C5E4B307BA}.Release|Any CPU.Build.0 = Release|Any CPU
	EndGlobalSection
	GlobalSection(SolutionProperties) = preSolution
		HideSolutionNode = FALSE
	EndGlobalSection
	GlobalSection(ExtensibilityGlobals) = postSolution
		SolutionGuid = {E1406166-4ED8-4234-A3B8-B6A2F82BC5B9}
	EndGlobalSection
EndGlobal
